// !$*UTF8*$!
{
	archiveVersion = 1;
	classes = {
	};
	objectVersion = 77;
	objects = {

/* Begin PBXBuildFile section */
		1C4B46B94A4103E6DF322BD1 /* Pods_udeApp.framework in Frameworks */ = {isa = PBXBuildFile; fileRef = 94088090499C46B5BACCECA6 /* Pods_udeApp.framework */; };
		2A3845F72D0E1070008DA837 /* UserInfo.swift in Sources */ = {isa = PBXBuildFile; fileRef = 2A3845F62D0E1070008DA837 /* UserInfo.swift */; };
		2A76CE3D2CFB8A650010A9C0 /* HomeTableViewCell.swift in Sources */ = {isa = PBXBuildFile; fileRef = 2A76CE3C2CFB8A650010A9C0 /* HomeTableViewCell.swift */; };
		2A76CE3F2CFB8D7C0010A9C0 /* UserListItem.swift in Sources */ = {isa = PBXBuildFile; fileRef = 2A76CE3E2CFB8D7C0010A9C0 /* UserListItem.swift */; };
		2A76CE412CFBA14D0010A9C0 /* ChatViewController.swift in Sources */ = {isa = PBXBuildFile; fileRef = 2A76CE402CFBA14D0010A9C0 /* ChatViewController.swift */; };
		2A76CE432CFBA28B0010A9C0 /* InboxViewController.swift in Sources */ = {isa = PBXBuildFile; fileRef = 2A76CE422CFBA28B0010A9C0 /* InboxViewController.swift */; };
		2A76CE452CFBA2C70010A9C0 /* ProfileViewController.swift in Sources */ = {isa = PBXBuildFile; fileRef = 2A76CE442CFBA2C70010A9C0 /* ProfileViewController.swift */; };
		2A76CE472CFBA8520010A9C0 /* ChatTableViewCell.swift in Sources */ = {isa = PBXBuildFile; fileRef = 2A76CE462CFBA8520010A9C0 /* ChatTableViewCell.swift */; };
		2A76CE492CFBA9E70010A9C0 /* MessageListItem.swift in Sources */ = {isa = PBXBuildFile; fileRef = 2A76CE482CFBA9E70010A9C0 /* MessageListItem.swift */; };
		2AB81C5A2CF3987500D79C7D /* AppDelegate.swift in Sources */ = {isa = PBXBuildFile; fileRef = 2AB81C592CF3987500D79C7D /* AppDelegate.swift */; };
		2AB81C5C2CF3987500D79C7D /* SceneDelegate.swift in Sources */ = {isa = PBXBuildFile; fileRef = 2AB81C5B2CF3987500D79C7D /* SceneDelegate.swift */; };
		2AB81C5E2CF3987500D79C7D /* SignInViewController.swift in Sources */ = {isa = PBXBuildFile; fileRef = 2AB81C5D2CF3987500D79C7D /* SignInViewController.swift */; };
		2AB81C612CF3987500D79C7D /* Main.storyboard in Resources */ = {isa = PBXBuildFile; fileRef = 2AB81C5F2CF3987500D79C7D /* Main.storyboard */; };
		2AB81C632CF3987500D79C7D /* Assets.xcassets in Resources */ = {isa = PBXBuildFile; fileRef = 2AB81C622CF3987500D79C7D /* Assets.xcassets */; };
		2AB81C662CF3987500D79C7D /* LaunchScreen.storyboard in Resources */ = {isa = PBXBuildFile; fileRef = 2AB81C642CF3987500D79C7D /* LaunchScreen.storyboard */; };
		2AB81C712CF39CC500D79C7D /* RegisterViewController.swift in Sources */ = {isa = PBXBuildFile; fileRef = 2AB81C702CF39CC500D79C7D /* RegisterViewController.swift */; };
		2AB81C732CF39D6600D79C7D /* GoogleService-Info.plist in Resources */ = {isa = PBXBuildFile; fileRef = 2AB81C722CF39D6500D79C7D /* GoogleService-Info.plist */; };
		2AB81C762CF3A75E00D79C7D /* Helper.swift in Sources */ = {isa = PBXBuildFile; fileRef = 2AB81C752CF3A75E00D79C7D /* Helper.swift */; };
		2AE5D9C02CFB8393005B99BA /* Child.swift in Sources */ = {isa = PBXBuildFile; fileRef = 2AE5D9BF2CFB8393005B99BA /* Child.swift */; };
		2AE5D9C22CFB847A005B99BA /* HomeViewController.swift in Sources */ = {isa = PBXBuildFile; fileRef = 2AE5D9C12CFB847A005B99BA /* HomeViewController.swift */; };
/* End PBXBuildFile section */

/* Begin PBXFileReference section */
		2A3845F62D0E1070008DA837 /* UserInfo.swift */ = {isa = PBXFileReference; lastKnownFileType = sourcecode.swift; path = UserInfo.swift; sourceTree = "<group>"; };
		2A76CE3C2CFB8A650010A9C0 /* HomeTableViewCell.swift */ = {isa = PBXFileReference; lastKnownFileType = sourcecode.swift; path = HomeTableViewCell.swift; sourceTree = "<group>"; };
		2A76CE3E2CFB8D7C0010A9C0 /* UserListItem.swift */ = {isa = PBXFileReference; lastKnownFileType = sourcecode.swift; path = UserListItem.swift; sourceTree = "<group>"; };
		2A76CE402CFBA14D0010A9C0 /* ChatViewController.swift */ = {isa = PBXFileReference; lastKnownFileType = sourcecode.swift; path = ChatViewController.swift; sourceTree = "<group>"; };
		2A76CE422CFBA28B0010A9C0 /* InboxViewController.swift */ = {isa = PBXFileReference; lastKnownFileType = sourcecode.swift; path = InboxViewController.swift; sourceTree = "<group>"; };
		2A76CE442CFBA2C70010A9C0 /* ProfileViewController.swift */ = {isa = PBXFileReference; lastKnownFileType = sourcecode.swift; path = ProfileViewController.swift; sourceTree = "<group>"; };
		2A76CE462CFBA8520010A9C0 /* ChatTableViewCell.swift */ = {isa = PBXFileReference; lastKnownFileType = sourcecode.swift; path = ChatTableViewCell.swift; sourceTree = "<group>"; };
		2A76CE482CFBA9E70010A9C0 /* MessageListItem.swift */ = {isa = PBXFileReference; lastKnownFileType = sourcecode.swift; path = MessageListItem.swift; sourceTree = "<group>"; };
		2AB81C562CF3987500D79C7D /* udeApp.app */ = {isa = PBXFileReference; explicitFileType = wrapper.application; includeInIndex = 0; path = udeApp.app; sourceTree = BUILT_PRODUCTS_DIR; };
		2AB81C592CF3987500D79C7D /* AppDelegate.swift */ = {isa = PBXFileReference; lastKnownFileType = sourcecode.swift; path = AppDelegate.swift; sourceTree = "<group>"; };
		2AB81C5B2CF3987500D79C7D /* SceneDelegate.swift */ = {isa = PBXFileReference; lastKnownFileType = sourcecode.swift; path = SceneDelegate.swift; sourceTree = "<group>"; };
		2AB81C5D2CF3987500D79C7D /* SignInViewController.swift */ = {isa = PBXFileReference; lastKnownFileType = sourcecode.swift; path = SignInViewController.swift; sourceTree = "<group>"; };
		2AB81C602CF3987500D79C7D /* Base */ = {isa = PBXFileReference; lastKnownFileType = file.storyboard; name = Base; path = Base.lproj/Main.storyboard; sourceTree = "<group>"; };
		2AB81C622CF3987500D79C7D /* Assets.xcassets */ = {isa = PBXFileReference; lastKnownFileType = folder.assetcatalog; path = Assets.xcassets; sourceTree = "<group>"; };
		2AB81C652CF3987500D79C7D /* Base */ = {isa = PBXFileReference; lastKnownFileType = file.storyboard; name = Base; path = Base.lproj/LaunchScreen.storyboard; sourceTree = "<group>"; };
		2AB81C672CF3987500D79C7D /* Info.plist */ = {isa = PBXFileReference; lastKnownFileType = text.plist.xml; path = Info.plist; sourceTree = "<group>"; };
		2AB81C702CF39CC500D79C7D /* RegisterViewController.swift */ = {isa = PBXFileReference; lastKnownFileType = sourcecode.swift; path = RegisterViewController.swift; sourceTree = "<group>"; };
		2AB81C722CF39D6500D79C7D /* GoogleService-Info.plist */ = {isa = PBXFileReference; fileEncoding = 4; lastKnownFileType = text.plist.xml; path = "GoogleService-Info.plist"; sourceTree = "<group>"; };
		2AB81C752CF3A75E00D79C7D /* Helper.swift */ = {isa = PBXFileReference; lastKnownFileType = sourcecode.swift; path = Helper.swift; sourceTree = "<group>"; };
		2AB81C772CF3B56B00D79C7D /* StoreKit.framework */ = {isa = PBXFileReference; lastKnownFileType = wrapper.framework; name = StoreKit.framework; path = System/Library/Frameworks/StoreKit.framework; sourceTree = SDKROOT; };
		2AE5D9BF2CFB8393005B99BA /* Child.swift */ = {isa = PBXFileReference; lastKnownFileType = sourcecode.swift; path = Child.swift; sourceTree = "<group>"; };
		2AE5D9C12CFB847A005B99BA /* HomeViewController.swift */ = {isa = PBXFileReference; lastKnownFileType = sourcecode.swift; path = HomeViewController.swift; sourceTree = "<group>"; };
		94088090499C46B5BACCECA6 /* Pods_udeApp.framework */ = {isa = PBXFileReference; explicitFileType = wrapper.framework; includeInIndex = 0; path = Pods_udeApp.framework; sourceTree = BUILT_PRODUCTS_DIR; };
		A5BDFDF0F5DD15957A4513DE /* Pods-udeApp.release.xcconfig */ = {isa = PBXFileReference; includeInIndex = 1; lastKnownFileType = text.xcconfig; name = "Pods-udeApp.release.xcconfig"; path = "Target Support Files/Pods-udeApp/Pods-udeApp.release.xcconfig"; sourceTree = "<group>"; };
		A6893D2C009FA2B5C684C6B8 /* Pods-udeApp.debug.xcconfig */ = {isa = PBXFileReference; includeInIndex = 1; lastKnownFileType = text.xcconfig; name = "Pods-udeApp.debug.xcconfig"; path = "Target Support Files/Pods-udeApp/Pods-udeApp.debug.xcconfig"; sourceTree = "<group>"; };
/* End PBXFileReference section */

/* Begin PBXFrameworksBuildPhase section */
		2AB81C532CF3987500D79C7D /* Frameworks */ = {
			isa = PBXFrameworksBuildPhase;
			buildActionMask = 2147483647;
			files = (
				1C4B46B94A4103E6DF322BD1 /* Pods_udeApp.framework in Frameworks */,
			);
			runOnlyForDeploymentPostprocessing = 0;
		};
/* End PBXFrameworksBuildPhase section */

/* Begin PBXGroup section */
		2AB81C4D2CF3987400D79C7D = {
			isa = PBXGroup;
			children = (
				2AB81C582CF3987500D79C7D /* udeApp */,
				2AB81C572CF3987500D79C7D /* Products */,
				36DC8941EDF5BDEA208285FC /* Pods */,
				E206998F5DF54462B8EEDE1F /* Frameworks */,
			);
			sourceTree = "<group>";
		};
		2AB81C572CF3987500D79C7D /* Products */ = {
			isa = PBXGroup;
			children = (
				2AB81C562CF3987500D79C7D /* udeApp.app */,
			);
			name = Products;
			sourceTree = "<group>";
		};
		2AB81C582CF3987500D79C7D /* udeApp */ = {
			isa = PBXGroup;
			children = (
				2AB81C742CF3A73700D79C7D /* Common */,
				2AB81C6F2CF398F000D79C7D /* Controller */,
				2AB81C6E2CF398E900D79C7D /* Model */,
				2AB81C6D2CF398D200D79C7D /* View */,
				2AB81C592CF3987500D79C7D /* AppDelegate.swift */,
				2AB81C5B2CF3987500D79C7D /* SceneDelegate.swift */,
				2AB81C622CF3987500D79C7D /* Assets.xcassets */,
				2AB81C672CF3987500D79C7D /* Info.plist */,
				2AB81C722CF39D6500D79C7D /* GoogleService-Info.plist */,
			);
			path = udeApp;
			sourceTree = "<group>";
		};
		2AB81C6D2CF398D200D79C7D /* View */ = {
			isa = PBXGroup;
			children = (
				2AB81C5F2CF3987500D79C7D /* Main.storyboard */,
				2AB81C642CF3987500D79C7D /* LaunchScreen.storyboard */,
			);
			path = View;
			sourceTree = "<group>";
		};
		2AB81C6E2CF398E900D79C7D /* Model */ = {
			isa = PBXGroup;
			children = (
				2A76CE3E2CFB8D7C0010A9C0 /* UserListItem.swift */,
				2A76CE482CFBA9E70010A9C0 /* MessageListItem.swift */,
				2A3845F62D0E1070008DA837 /* UserInfo.swift */,
			);
			path = Model;
			sourceTree = "<group>";
		};
		2AB81C6F2CF398F000D79C7D /* Controller */ = {
			isa = PBXGroup;
			children = (
				2AB81C5D2CF3987500D79C7D /* SignInViewController.swift */,
				2AB81C702CF39CC500D79C7D /* RegisterViewController.swift */,
				2AE5D9C12CFB847A005B99BA /* HomeViewController.swift */,
				2A76CE3C2CFB8A650010A9C0 /* HomeTableViewCell.swift */,
				2A76CE402CFBA14D0010A9C0 /* ChatViewController.swift */,
				2A76CE422CFBA28B0010A9C0 /* InboxViewController.swift */,
				2A76CE442CFBA2C70010A9C0 /* ProfileViewController.swift */,
				2A76CE462CFBA8520010A9C0 /* ChatTableViewCell.swift */,
			);
			path = Controller;
			sourceTree = "<group>";
		};
		2AB81C742CF3A73700D79C7D /* Common */ = {
			isa = PBXGroup;
			children = (
				2AB81C752CF3A75E00D79C7D /* Helper.swift */,
				2AE5D9BF2CFB8393005B99BA /* Child.swift */,
			);
			path = Common;
			sourceTree = "<group>";
		};
		36DC8941EDF5BDEA208285FC /* Pods */ = {
			isa = PBXGroup;
			children = (
				A6893D2C009FA2B5C684C6B8 /* Pods-udeApp.debug.xcconfig */,
				A5BDFDF0F5DD15957A4513DE /* Pods-udeApp.release.xcconfig */,
			);
			path = Pods;
			sourceTree = "<group>";
		};
		E206998F5DF54462B8EEDE1F /* Frameworks */ = {
			isa = PBXGroup;
			children = (
				2AB81C772CF3B56B00D79C7D /* StoreKit.framework */,
				94088090499C46B5BACCECA6 /* Pods_udeApp.framework */,
			);
			name = Frameworks;
			sourceTree = "<group>";
		};
/* End PBXGroup section */

/* Begin PBXNativeTarget section */
		2AB81C552CF3987500D79C7D /* udeApp */ = {
			isa = PBXNativeTarget;
			buildConfigurationList = 2AB81C6A2CF3987500D79C7D /* Build configuration list for PBXNativeTarget "udeApp" */;
			buildPhases = (
				51A0FB225F7FECEBB77BD677 /* [CP] Check Pods Manifest.lock */,
				2AB81C522CF3987500D79C7D /* Sources */,
				2AB81C532CF3987500D79C7D /* Frameworks */,
				2AB81C542CF3987500D79C7D /* Resources */,
				541301EDA28FA2CC27FA9BD7 /* [CP] Embed Pods Frameworks */,
			);
			buildRules = (
			);
			dependencies = (
			);
			name = udeApp;
			productName = udeApp;
			productReference = 2AB81C562CF3987500D79C7D /* udeApp.app */;
			productType = "com.apple.product-type.application";
		};
/* End PBXNativeTarget section */

/* Begin PBXProject section */
		2AB81C4E2CF3987400D79C7D /* Project object */ = {
			isa = PBXProject;
			attributes = {
				BuildIndependentTargetsInParallel = 1;
				LastSwiftUpdateCheck = 1430;
				LastUpgradeCheck = 1430;
				TargetAttributes = {
					2AB81C552CF3987500D79C7D = {
						CreatedOnToolsVersion = 14.3.1;
					};
				};
			};
			buildConfigurationList = 2AB81C512CF3987400D79C7D /* Build configuration list for PBXProject "udeApp" */;
			developmentRegion = en;
			hasScannedForEncodings = 0;
			knownRegions = (
				en,
				Base,
			);
			mainGroup = 2AB81C4D2CF3987400D79C7D;
			preferredProjectObjectVersion = 77;
			productRefGroup = 2AB81C572CF3987500D79C7D /* Products */;
			projectDirPath = "";
			projectRoot = "";
			targets = (
				2AB81C552CF3987500D79C7D /* udeApp */,
			);
		};
/* End PBXProject section */

/* Begin PBXResourcesBuildPhase section */
		2AB81C542CF3987500D79C7D /* Resources */ = {
			isa = PBXResourcesBuildPhase;
			buildActionMask = 2147483647;
			files = (
				2AB81C662CF3987500D79C7D /* LaunchScreen.storyboard in Resources */,
				2AB81C732CF39D6600D79C7D /* GoogleService-Info.plist in Resources */,
				2AB81C632CF3987500D79C7D /* Assets.xcassets in Resources */,
				2AB81C612CF3987500D79C7D /* Main.storyboard in Resources */,
			);
			runOnlyForDeploymentPostprocessing = 0;
		};
/* End PBXResourcesBuildPhase section */

/* Begin PBXShellScriptBuildPhase section */
		51A0FB225F7FECEBB77BD677 /* [CP] Check Pods Manifest.lock */ = {
			isa = PBXShellScriptBuildPhase;
			buildActionMask = 2147483647;
			files = (
			);
			inputFileListPaths = (
			);
			inputPaths = (
				"${PODS_PODFILE_DIR_PATH}/Podfile.lock",
				"${PODS_ROOT}/Manifest.lock",
			);
			name = "[CP] Check Pods Manifest.lock";
			outputFileListPaths = (
			);
			outputPaths = (
				"$(DERIVED_FILE_DIR)/Pods-udeApp-checkManifestLockResult.txt",
			);
			runOnlyForDeploymentPostprocessing = 0;
			shellPath = /bin/sh;
			shellScript = "diff \"${PODS_PODFILE_DIR_PATH}/Podfile.lock\" \"${PODS_ROOT}/Manifest.lock\" > /dev/null\nif [ $? != 0 ] ; then\n    # print error to STDERR\n    echo \"error: The sandbox is not in sync with the Podfile.lock. Run 'pod install' or update your CocoaPods installation.\" >&2\n    exit 1\nfi\n# This output is used by Xcode 'outputs' to avoid re-running this script phase.\necho \"SUCCESS\" > \"${SCRIPT_OUTPUT_FILE_0}\"\n";
			showEnvVarsInLog = 0;
		};
		541301EDA28FA2CC27FA9BD7 /* [CP] Embed Pods Frameworks */ = {
			isa = PBXShellScriptBuildPhase;
			buildActionMask = 2147483647;
			files = (
			);
			inputFileListPaths = (
				"${PODS_ROOT}/Target Support Files/Pods-udeApp/Pods-udeApp-frameworks-${CONFIGURATION}-input-files.xcfilelist",
			);
			name = "[CP] Embed Pods Frameworks";
			outputFileListPaths = (
				"${PODS_ROOT}/Target Support Files/Pods-udeApp/Pods-udeApp-frameworks-${CONFIGURATION}-output-files.xcfilelist",
			);
			runOnlyForDeploymentPostprocessing = 0;
			shellPath = /bin/sh;
			shellScript = "\"${PODS_ROOT}/Target Support Files/Pods-udeApp/Pods-udeApp-frameworks.sh\"\n";
			showEnvVarsInLog = 0;
		};
/* End PBXShellScriptBuildPhase section */

/* Begin PBXSourcesBuildPhase section */
		2AB81C522CF3987500D79C7D /* Sources */ = {
			isa = PBXSourcesBuildPhase;
			buildActionMask = 2147483647;
			files = (
				2AB81C5E2CF3987500D79C7D /* SignInViewController.swift in Sources */,
				2A76CE432CFBA28B0010A9C0 /* InboxViewController.swift in Sources */,
				2A76CE492CFBA9E70010A9C0 /* MessageListItem.swift in Sources */,
				2AB81C5A2CF3987500D79C7D /* AppDelegate.swift in Sources */,
				2AE5D9C02CFB8393005B99BA /* Child.swift in Sources */,
				2AB81C762CF3A75E00D79C7D /* Helper.swift in Sources */,
				2AB81C5C2CF3987500D79C7D /* SceneDelegate.swift in Sources */,
				2A76CE452CFBA2C70010A9C0 /* ProfileViewController.swift in Sources */,
				2AE5D9C22CFB847A005B99BA /* HomeViewController.swift in Sources */,
				2A76CE3D2CFB8A650010A9C0 /* HomeTableViewCell.swift in Sources */,
				2AB81C712CF39CC500D79C7D /* RegisterViewController.swift in Sources */,
				2A76CE412CFBA14D0010A9C0 /* ChatViewController.swift in Sources */,
				2A76CE472CFBA8520010A9C0 /* ChatTableViewCell.swift in Sources */,
				2A3845F72D0E1070008DA837 /* UserInfo.swift in Sources */,
				2A76CE3F2CFB8D7C0010A9C0 /* UserListItem.swift in Sources */,
			);
			runOnlyForDeploymentPostprocessing = 0;
		};
/* End PBXSourcesBuildPhase section */

/* Begin PBXVariantGroup section */
		2AB81C5F2CF3987500D79C7D /* Main.storyboard */ = {
			isa = PBXVariantGroup;
			children = (
				2AB81C602CF3987500D79C7D /* Base */,
			);
			name = Main.storyboard;
			sourceTree = "<group>";
		};
		2AB81C642CF3987500D79C7D /* LaunchScreen.storyboard */ = {
			isa = PBXVariantGroup;
			children = (
				2AB81C652CF3987500D79C7D /* Base */,
			);
			name = LaunchScreen.storyboard;
			sourceTree = "<group>";
		};
/* End PBXVariantGroup section */

/* Begin XCBuildConfiguration section */
		2AB81C682CF3987500D79C7D /* Debug */ = {
			isa = XCBuildConfiguration;
			buildSettings = {
				ALWAYS_SEARCH_USER_PATHS = NO;
				CLANG_ANALYZER_NONNULL = YES;
				CLANG_ANALYZER_NUMBER_OBJECT_CONVERSION = YES_AGGRESSIVE;
				CLANG_CXX_LANGUAGE_STANDARD = "gnu++20";
				CLANG_ENABLE_MODULES = YES;
				CLANG_ENABLE_OBJC_ARC = YES;
				CLANG_ENABLE_OBJC_WEAK = YES;
				CLANG_WARN_BLOCK_CAPTURE_AUTORELEASING = YES;
				CLANG_WARN_BOOL_CONVERSION = YES;
				CLANG_WARN_COMMA = YES;
				CLANG_WARN_CONSTANT_CONVERSION = YES;
				CLANG_WARN_DEPRECATED_OBJC_IMPLEMENTATIONS = YES;
				CLANG_WARN_DIRECT_OBJC_ISA_USAGE = YES_ERROR;
				CLANG_WARN_DOCUMENTATION_COMMENTS = YES;
				CLANG_WARN_EMPTY_BODY = YES;
				CLANG_WARN_ENUM_CONVERSION = YES;
				CLANG_WARN_INFINITE_RECURSION = YES;
				CLANG_WARN_INT_CONVERSION = YES;
				CLANG_WARN_NON_LITERAL_NULL_CONVERSION = YES;
				CLANG_WARN_OBJC_IMPLICIT_RETAIN_SELF = YES;
				CLANG_WARN_OBJC_LITERAL_CONVERSION = YES;
				CLANG_WARN_OBJC_ROOT_CLASS = YES_ERROR;
				CLANG_WARN_QUOTED_INCLUDE_IN_FRAMEWORK_HEADER = YES;
				CLANG_WARN_RANGE_LOOP_ANALYSIS = YES;
				CLANG_WARN_STRICT_PROTOTYPES = YES;
				CLANG_WARN_SUSPICIOUS_MOVE = YES;
				CLANG_WARN_UNGUARDED_AVAILABILITY = YES_AGGRESSIVE;
				CLANG_WARN_UNREACHABLE_CODE = YES;
				CLANG_WARN__DUPLICATE_METHOD_MATCH = YES;
				COPY_PHASE_STRIP = NO;
				DEBUG_INFORMATION_FORMAT = dwarf;
				ENABLE_STRICT_OBJC_MSGSEND = YES;
				ENABLE_TESTABILITY = YES;
				GCC_C_LANGUAGE_STANDARD = gnu11;
				GCC_DYNAMIC_NO_PIC = NO;
				GCC_NO_COMMON_BLOCKS = YES;
				GCC_OPTIMIZATION_LEVEL = 0;
				GCC_PREPROCESSOR_DEFINITIONS = (
					"DEBUG=1",
					"$(inherited)",
				);
				GCC_WARN_64_TO_32_BIT_CONVERSION = YES;
				GCC_WARN_ABOUT_RETURN_TYPE = YES_ERROR;
				GCC_WARN_UNDECLARED_SELECTOR = YES;
				GCC_WARN_UNINITIALIZED_AUTOS = YES_AGGRESSIVE;
				GCC_WARN_UNUSED_FUNCTION = YES;
				GCC_WARN_UNUSED_VARIABLE = YES;
				IPHONEOS_DEPLOYMENT_TARGET = 16.4;
				MTL_ENABLE_DEBUG_INFO = INCLUDE_SOURCE;
				MTL_FAST_MATH = YES;
				ONLY_ACTIVE_ARCH = YES;
				SDKROOT = iphoneos;
				SWIFT_ACTIVE_COMPILATION_CONDITIONS = DEBUG;
				SWIFT_OPTIMIZATION_LEVEL = "-Onone";
			};
			name = Debug;
		};
		2AB81C692CF3987500D79C7D /* Release */ = {
			isa = XCBuildConfiguration;
			buildSettings = {
				ALWAYS_SEARCH_USER_PATHS = NO;
				CLANG_ANALYZER_NONNULL = YES;
				CLANG_ANALYZER_NUMBER_OBJECT_CONVERSION = YES_AGGRESSIVE;
				CLANG_CXX_LANGUAGE_STANDARD = "gnu++20";
				CLANG_ENABLE_MODULES = YES;
				CLANG_ENABLE_OBJC_ARC = YES;
				CLANG_ENABLE_OBJC_WEAK = YES;
				CLANG_WARN_BLOCK_CAPTURE_AUTORELEASING = YES;
				CLANG_WARN_BOOL_CONVERSION = YES;
				CLANG_WARN_COMMA = YES;
				CLANG_WARN_CONSTANT_CONVERSION = YES;
				CLANG_WARN_DEPRECATED_OBJC_IMPLEMENTATIONS = YES;
				CLANG_WARN_DIRECT_OBJC_ISA_USAGE = YES_ERROR;
				CLANG_WARN_DOCUMENTATION_COMMENTS = YES;
				CLANG_WARN_EMPTY_BODY = YES;
				CLANG_WARN_ENUM_CONVERSION = YES;
				CLANG_WARN_INFINITE_RECURSION = YES;
				CLANG_WARN_INT_CONVERSION = YES;
				CLANG_WARN_NON_LITERAL_NULL_CONVERSION = YES;
				CLANG_WARN_OBJC_IMPLICIT_RETAIN_SELF = YES;
				CLANG_WARN_OBJC_LITERAL_CONVERSION = YES;
				CLANG_WARN_OBJC_ROOT_CLASS = YES_ERROR;
				CLANG_WARN_QUOTED_INCLUDE_IN_FRAMEWORK_HEADER = YES;
				CLANG_WARN_RANGE_LOOP_ANALYSIS = YES;
				CLANG_WARN_STRICT_PROTOTYPES = YES;
				CLANG_WARN_SUSPICIOUS_MOVE = YES;
				CLANG_WARN_UNGUARDED_AVAILABILITY = YES_AGGRESSIVE;
				CLANG_WARN_UNREACHABLE_CODE = YES;
				CLANG_WARN__DUPLICATE_METHOD_MATCH = YES;
				COPY_PHASE_STRIP = NO;
				DEBUG_INFORMATION_FORMAT = "dwarf-with-dsym";
				ENABLE_NS_ASSERTIONS = NO;
				ENABLE_STRICT_OBJC_MSGSEND = YES;
				GCC_C_LANGUAGE_STANDARD = gnu11;
				GCC_NO_COMMON_BLOCKS = YES;
				GCC_WARN_64_TO_32_BIT_CONVERSION = YES;
				GCC_WARN_ABOUT_RETURN_TYPE = YES_ERROR;
				GCC_WARN_UNDECLARED_SELECTOR = YES;
				GCC_WARN_UNINITIALIZED_AUTOS = YES_AGGRESSIVE;
				GCC_WARN_UNUSED_FUNCTION = YES;
				GCC_WARN_UNUSED_VARIABLE = YES;
				IPHONEOS_DEPLOYMENT_TARGET = 16.4;
				MTL_ENABLE_DEBUG_INFO = NO;
				MTL_FAST_MATH = YES;
				SDKROOT = iphoneos;
				SWIFT_COMPILATION_MODE = wholemodule;
				SWIFT_OPTIMIZATION_LEVEL = "-O";
				VALIDATE_PRODUCT = YES;
			};
			name = Release;
		};
		2AB81C6B2CF3987500D79C7D /* Debug */ = {
			isa = XCBuildConfiguration;
			baseConfigurationReference = A6893D2C009FA2B5C684C6B8 /* Pods-udeApp.debug.xcconfig */;
			buildSettings = {
				ASSETCATALOG_COMPILER_APPICON_NAME = AppIcon;
				ASSETCATALOG_COMPILER_GLOBAL_ACCENT_COLOR_NAME = AccentColor;
				CODE_SIGN_STYLE = Automatic;
				CURRENT_PROJECT_VERSION = 1;
				GENERATE_INFOPLIST_FILE = YES;
				INFOPLIST_FILE = udeApp/Info.plist;
				INFOPLIST_KEY_UIApplicationSupportsIndirectInputEvents = YES;
				INFOPLIST_KEY_UILaunchStoryboardName = LaunchScreen;
				INFOPLIST_KEY_UIMainStoryboardFile = Main;
				INFOPLIST_KEY_UISupportedInterfaceOrientations = UIInterfaceOrientationPortrait;
				IPHONEOS_DEPLOYMENT_TARGET = 18.0;
				LD_RUNPATH_SEARCH_PATHS = (
					"$(inherited)",
					"@executable_path/Frameworks",
				);
				MARKETING_VERSION = 1.0;
				PRODUCT_BUNDLE_IDENTIFIER = com.seyhan.can.mehmet.udeApp;
				PRODUCT_NAME = "$(TARGET_NAME)";
				SWIFT_EMIT_LOC_STRINGS = YES;
				SWIFT_VERSION = 5.0;
				TARGETED_DEVICE_FAMILY = "1,2";
			};
			name = Debug;
		};
		2AB81C6C2CF3987500D79C7D /* Release */ = {
			isa = XCBuildConfiguration;
			baseConfigurationReference = A5BDFDF0F5DD15957A4513DE /* Pods-udeApp.release.xcconfig */;
			buildSettings = {
				ASSETCATALOG_COMPILER_APPICON_NAME = AppIcon;
				ASSETCATALOG_COMPILER_GLOBAL_ACCENT_COLOR_NAME = AccentColor;
				CODE_SIGN_STYLE = Automatic;
				CURRENT_PROJECT_VERSION = 1;
				GENERATE_INFOPLIST_FILE = YES;
				INFOPLIST_FILE = udeApp/Info.plist;
				INFOPLIST_KEY_UIApplicationSupportsIndirectInputEvents = YES;
				INFOPLIST_KEY_UILaunchStoryboardName = LaunchScreen;
				INFOPLIST_KEY_UIMainStoryboardFile = Main;
				INFOPLIST_KEY_UISupportedInterfaceOrientations = UIInterfaceOrientationPortrait;
				IPHONEOS_DEPLOYMENT_TARGET = 18.0;
				LD_RUNPATH_SEARCH_PATHS = (
					"$(inherited)",
					"@executable_path/Frameworks",
				);
				MARKETING_VERSION = 1.0;
				PRODUCT_BUNDLE_IDENTIFIER = com.seyhan.can.mehmet.udeApp;
				PRODUCT_NAME = "$(TARGET_NAME)";
				SWIFT_EMIT_LOC_STRINGS = YES;
				SWIFT_VERSION = 5.0;
				TARGETED_DEVICE_FAMILY = "1,2";
			};
			name = Release;
		};
/* End XCBuildConfiguration section */

/* Begin XCConfigurationList section */
		2AB81C512CF3987400D79C7D /* Build configuration list for PBXProject "udeApp" */ = {
			isa = XCConfigurationList;
			buildConfigurations = (
				2AB81C682CF3987500D79C7D /* Debug */,
				2AB81C692CF3987500D79C7D /* Release */,
			);
			defaultConfigurationIsVisible = 0;
			defaultConfigurationName = Release;
		};
		2AB81C6A2CF3987500D79C7D /* Build configuration list for PBXNativeTarget "udeApp" */ = {
			isa = XCConfigurationList;
			buildConfigurations = (
				2AB81C6B2CF3987500D79C7D /* Debug */,
				2AB81C6C2CF3987500D79C7D /* Release */,
			);
			defaultConfigurationIsVisible = 0;
			defaultConfigurationName = Release;
		};
/* End XCConfigurationList section */
	};
	rootObject = 2AB81C4E2CF3987400D79C7D /* Project object */;
}
